// !$*UTF8*$!
{
	archiveVersion = 1;
	classes = {
	};
	objectVersion = 51;
	objects = {

/* Begin PBXBuildFile section */
		095EDC0C24E7E74200ED39CC /* TabbarController.swift in Sources */ = {isa = PBXBuildFile; fileRef = 095EDC0B24E7E74200ED39CC /* TabbarController.swift */; };
		095EDC1224E7E9CD00ED39CC /* CityListViewController.swift in Sources */ = {isa = PBXBuildFile; fileRef = 095EDC1124E7E9CD00ED39CC /* CityListViewController.swift */; };
		095EDC1424E7E9E800ED39CC /* CityListViewModel.swift in Sources */ = {isa = PBXBuildFile; fileRef = 095EDC1324E7E9E800ED39CC /* CityListViewModel.swift */; };
		095EDC1624E7E9F600ED39CC /* CityListModel.swift in Sources */ = {isa = PBXBuildFile; fileRef = 095EDC1524E7E9F600ED39CC /* CityListModel.swift */; };
		095EDC1824E7EA2B00ED39CC /* WeatherOverViewViewController.swift in Sources */ = {isa = PBXBuildFile; fileRef = 095EDC1724E7EA2B00ED39CC /* WeatherOverViewViewController.swift */; };
		095EDC1A24E7EA4C00ED39CC /* WeatherOverViewViewModel.swift in Sources */ = {isa = PBXBuildFile; fileRef = 095EDC1924E7EA4C00ED39CC /* WeatherOverViewViewModel.swift */; };
		095EDC1C24E7EA5900ED39CC /* WeatherOverViewModel.swift in Sources */ = {isa = PBXBuildFile; fileRef = 095EDC1B24E7EA5900ED39CC /* WeatherOverViewModel.swift */; };
		095EDC1F24E7EAFA00ED39CC /* Colors.swift in Sources */ = {isa = PBXBuildFile; fileRef = 095EDC1E24E7EAFA00ED39CC /* Colors.swift */; };
		095EDC2124E7EB1900ED39CC /* Constants.swift in Sources */ = {isa = PBXBuildFile; fileRef = 095EDC2024E7EB1900ED39CC /* Constants.swift */; };
		095EDC2324E7EB2400ED39CC /* Icons.swift in Sources */ = {isa = PBXBuildFile; fileRef = 095EDC2224E7EB2400ED39CC /* Icons.swift */; };
		095EDC2624E7EBBE00ED39CC /* Localizable.strings in Resources */ = {isa = PBXBuildFile; fileRef = 095EDC2824E7EBBE00ED39CC /* Localizable.strings */; };
		095EDC2D24E7F91D00ED39CC /* Apache License.txt in Resources */ = {isa = PBXBuildFile; fileRef = 095EDC2C24E7F91D00ED39CC /* Apache License.txt */; };
		095EDC3224E7F95700ED39CC /* Roboto-Bold.ttf in Resources */ = {isa = PBXBuildFile; fileRef = 095EDC3124E7F95700ED39CC /* Roboto-Bold.ttf */; };
		095EDC3424E7F96B00ED39CC /* Roboto-Medium.ttf in Resources */ = {isa = PBXBuildFile; fileRef = 095EDC3324E7F96B00ED39CC /* Roboto-Medium.ttf */; };
		095EDC3624E7F97600ED39CC /* Roboto-Regular.ttf in Resources */ = {isa = PBXBuildFile; fileRef = 095EDC3524E7F97600ED39CC /* Roboto-Regular.ttf */; };
		095EDC3824E7F98400ED39CC /* Roboto-Thin.ttf in Resources */ = {isa = PBXBuildFile; fileRef = 095EDC3724E7F98400ED39CC /* Roboto-Thin.ttf */; };
		095EDC3B24E7FA4300ED39CC /* UIFont+Custom.swift in Sources */ = {isa = PBXBuildFile; fileRef = 095EDC3A24E7FA4300ED39CC /* UIFont+Custom.swift */; };
		095EDC3E24E7FD9900ED39CC /* Api.swift in Sources */ = {isa = PBXBuildFile; fileRef = 095EDC3D24E7FD9900ED39CC /* Api.swift */; };
		095EDC4024E7FDF800ED39CC /* AsyncFetch.swift in Sources */ = {isa = PBXBuildFile; fileRef = 095EDC3F24E7FDF800ED39CC /* AsyncFetch.swift */; };
		095EDC4224E8054500ED39CC /* ApiUrls.swift in Sources */ = {isa = PBXBuildFile; fileRef = 095EDC4124E8054500ED39CC /* ApiUrls.swift */; };
		095EDC4424E8152C00ED39CC /* UIViewController+Loading.swift in Sources */ = {isa = PBXBuildFile; fileRef = 095EDC4324E8152C00ED39CC /* UIViewController+Loading.swift */; };
		095EDC4724E8185800ED39CC /* CityListView.swift in Sources */ = {isa = PBXBuildFile; fileRef = 095EDC4624E8185800ED39CC /* CityListView.swift */; };
		095EDC4924E845C900ED39CC /* CityListViewCollectionCell.swift in Sources */ = {isa = PBXBuildFile; fileRef = 095EDC4824E845C900ED39CC /* CityListViewCollectionCell.swift */; };
		095EDC4E24E8708500ED39CC /* CitySelectionViewController.swift in Sources */ = {isa = PBXBuildFile; fileRef = 095EDC4D24E8708500ED39CC /* CitySelectionViewController.swift */; };
		095EDC5024E8708F00ED39CC /* CitySelectionViewModel.swift in Sources */ = {isa = PBXBuildFile; fileRef = 095EDC4F24E8708F00ED39CC /* CitySelectionViewModel.swift */; };
		095EDC5224E8709700ED39CC /* CitySelectionModel.swift in Sources */ = {isa = PBXBuildFile; fileRef = 095EDC5124E8709700ED39CC /* CitySelectionModel.swift */; };
		095EDC5424E87E2700ED39CC /* Sequence+Unique.swift in Sources */ = {isa = PBXBuildFile; fileRef = 095EDC5324E87E2700ED39CC /* Sequence+Unique.swift */; };
		095EDC5624E898C700ED39CC /* UserDefaults.swift in Sources */ = {isa = PBXBuildFile; fileRef = 095EDC5524E898C700ED39CC /* UserDefaults.swift */; };
		09DB23F424E7DE1E00D20B4C /* AppDelegate.swift in Sources */ = {isa = PBXBuildFile; fileRef = 09DB23F324E7DE1E00D20B4C /* AppDelegate.swift */; };
		09DB23F624E7DE1E00D20B4C /* SceneDelegate.swift in Sources */ = {isa = PBXBuildFile; fileRef = 09DB23F524E7DE1E00D20B4C /* SceneDelegate.swift */; };
		09DB23FD24E7DE2400D20B4C /* Assets.xcassets in Resources */ = {isa = PBXBuildFile; fileRef = 09DB23FC24E7DE2400D20B4C /* Assets.xcassets */; };
		09DB240024E7DE2400D20B4C /* LaunchScreen.storyboard in Resources */ = {isa = PBXBuildFile; fileRef = 09DB23FE24E7DE2400D20B4C /* LaunchScreen.storyboard */; };
		09DB240B24E7DE2400D20B4C /* weatherTests.swift in Sources */ = {isa = PBXBuildFile; fileRef = 09DB240A24E7DE2400D20B4C /* weatherTests.swift */; };
		09DB241624E7DE2400D20B4C /* weatherUITests.swift in Sources */ = {isa = PBXBuildFile; fileRef = 09DB241524E7DE2400D20B4C /* weatherUITests.swift */; };
		0BC2628BDF2388C69EE0E78A /* Pods_weather.framework in Frameworks */ = {isa = PBXBuildFile; fileRef = 1099BC24D38972468E694328 /* Pods_weather.framework */; };
		0F3394DDF88090A298A1C574 /* Pods_weatherTests.framework in Frameworks */ = {isa = PBXBuildFile; fileRef = F17D1812FEA5CC94B6E3251C /* Pods_weatherTests.framework */; };
		C697DF3E8B85219AFF0C85D0 /* Pods_weather_weatherUITests.framework in Frameworks */ = {isa = PBXBuildFile; fileRef = 18CF653B838F7335218D6E39 /* Pods_weather_weatherUITests.framework */; };
/* End PBXBuildFile section */

/* Begin PBXContainerItemProxy section */
		09DB240724E7DE2400D20B4C /* PBXContainerItemProxy */ = {
			isa = PBXContainerItemProxy;
			containerPortal = 09DB23E824E7DE1E00D20B4C /* Project object */;
			proxyType = 1;
			remoteGlobalIDString = 09DB23EF24E7DE1E00D20B4C;
			remoteInfo = weather;
		};
		09DB241224E7DE2400D20B4C /* PBXContainerItemProxy */ = {
			isa = PBXContainerItemProxy;
			containerPortal = 09DB23E824E7DE1E00D20B4C /* Project object */;
			proxyType = 1;
			remoteGlobalIDString = 09DB23EF24E7DE1E00D20B4C;
			remoteInfo = weather;
		};
/* End PBXContainerItemProxy section */

/* Begin PBXFileReference section */
		026BA42DF239EDB5CA16EBD7 /* Pods-weather.release.xcconfig */ = {isa = PBXFileReference; includeInIndex = 1; lastKnownFileType = text.xcconfig; name = "Pods-weather.release.xcconfig"; path = "Target Support Files/Pods-weather/Pods-weather.release.xcconfig"; sourceTree = "<group>"; };
		095EDC0B24E7E74200ED39CC /* TabbarController.swift */ = {isa = PBXFileReference; lastKnownFileType = sourcecode.swift; path = TabbarController.swift; sourceTree = "<group>"; };
		095EDC1124E7E9CD00ED39CC /* CityListViewController.swift */ = {isa = PBXFileReference; lastKnownFileType = sourcecode.swift; path = CityListViewController.swift; sourceTree = "<group>"; };
		095EDC1324E7E9E800ED39CC /* CityListViewModel.swift */ = {isa = PBXFileReference; lastKnownFileType = sourcecode.swift; path = CityListViewModel.swift; sourceTree = "<group>"; };
		095EDC1524E7E9F600ED39CC /* CityListModel.swift */ = {isa = PBXFileReference; lastKnownFileType = sourcecode.swift; path = CityListModel.swift; sourceTree = "<group>"; };
		095EDC1724E7EA2B00ED39CC /* WeatherOverViewViewController.swift */ = {isa = PBXFileReference; lastKnownFileType = sourcecode.swift; path = WeatherOverViewViewController.swift; sourceTree = "<group>"; };
		095EDC1924E7EA4C00ED39CC /* WeatherOverViewViewModel.swift */ = {isa = PBXFileReference; lastKnownFileType = sourcecode.swift; path = WeatherOverViewViewModel.swift; sourceTree = "<group>"; };
		095EDC1B24E7EA5900ED39CC /* WeatherOverViewModel.swift */ = {isa = PBXFileReference; lastKnownFileType = sourcecode.swift; path = WeatherOverViewModel.swift; sourceTree = "<group>"; };
		095EDC1E24E7EAFA00ED39CC /* Colors.swift */ = {isa = PBXFileReference; lastKnownFileType = sourcecode.swift; path = Colors.swift; sourceTree = "<group>"; };
		095EDC2024E7EB1900ED39CC /* Constants.swift */ = {isa = PBXFileReference; lastKnownFileType = sourcecode.swift; path = Constants.swift; sourceTree = "<group>"; };
		095EDC2224E7EB2400ED39CC /* Icons.swift */ = {isa = PBXFileReference; lastKnownFileType = sourcecode.swift; path = Icons.swift; sourceTree = "<group>"; };
		095EDC2724E7EBBE00ED39CC /* en */ = {isa = PBXFileReference; lastKnownFileType = text.plist.strings; name = en; path = en.lproj/Localizable.strings; sourceTree = "<group>"; };
		095EDC2924E7EBF500ED39CC /* tr */ = {isa = PBXFileReference; lastKnownFileType = text.plist.strings; name = tr; path = tr.lproj/LaunchScreen.strings; sourceTree = "<group>"; };
		095EDC2A24E7EBF600ED39CC /* tr */ = {isa = PBXFileReference; lastKnownFileType = text.plist.strings; name = tr; path = tr.lproj/Localizable.strings; sourceTree = "<group>"; };
		095EDC2C24E7F91D00ED39CC /* Apache License.txt */ = {isa = PBXFileReference; fileEncoding = 4; lastKnownFileType = text; path = "Apache License.txt"; sourceTree = "<group>"; };
		095EDC3124E7F95700ED39CC /* Roboto-Bold.ttf */ = {isa = PBXFileReference; lastKnownFileType = file; path = "Roboto-Bold.ttf"; sourceTree = "<group>"; };
		095EDC3324E7F96B00ED39CC /* Roboto-Medium.ttf */ = {isa = PBXFileReference; lastKnownFileType = file; path = "Roboto-Medium.ttf"; sourceTree = "<group>"; };
		095EDC3524E7F97600ED39CC /* Roboto-Regular.ttf */ = {isa = PBXFileReference; lastKnownFileType = file; path = "Roboto-Regular.ttf"; sourceTree = "<group>"; };
		095EDC3724E7F98400ED39CC /* Roboto-Thin.ttf */ = {isa = PBXFileReference; lastKnownFileType = file; path = "Roboto-Thin.ttf"; sourceTree = "<group>"; };
		095EDC3A24E7FA4300ED39CC /* UIFont+Custom.swift */ = {isa = PBXFileReference; lastKnownFileType = sourcecode.swift; path = "UIFont+Custom.swift"; sourceTree = "<group>"; };
		095EDC3D24E7FD9900ED39CC /* Api.swift */ = {isa = PBXFileReference; lastKnownFileType = sourcecode.swift; path = Api.swift; sourceTree = "<group>"; };
		095EDC3F24E7FDF800ED39CC /* AsyncFetch.swift */ = {isa = PBXFileReference; lastKnownFileType = sourcecode.swift; path = AsyncFetch.swift; sourceTree = "<group>"; };
		095EDC4124E8054500ED39CC /* ApiUrls.swift */ = {isa = PBXFileReference; lastKnownFileType = sourcecode.swift; path = ApiUrls.swift; sourceTree = "<group>"; };
		095EDC4324E8152C00ED39CC /* UIViewController+Loading.swift */ = {isa = PBXFileReference; lastKnownFileType = sourcecode.swift; path = "UIViewController+Loading.swift"; sourceTree = "<group>"; };
		095EDC4624E8185800ED39CC /* CityListView.swift */ = {isa = PBXFileReference; lastKnownFileType = sourcecode.swift; path = CityListView.swift; sourceTree = "<group>"; };
		095EDC4824E845C900ED39CC /* CityListViewCollectionCell.swift */ = {isa = PBXFileReference; lastKnownFileType = sourcecode.swift; path = CityListViewCollectionCell.swift; sourceTree = "<group>"; };
		095EDC4D24E8708500ED39CC /* CitySelectionViewController.swift */ = {isa = PBXFileReference; lastKnownFileType = sourcecode.swift; path = CitySelectionViewController.swift; sourceTree = "<group>"; };
		095EDC4F24E8708F00ED39CC /* CitySelectionViewModel.swift */ = {isa = PBXFileReference; lastKnownFileType = sourcecode.swift; path = CitySelectionViewModel.swift; sourceTree = "<group>"; };
		095EDC5124E8709700ED39CC /* CitySelectionModel.swift */ = {isa = PBXFileReference; lastKnownFileType = sourcecode.swift; path = CitySelectionModel.swift; sourceTree = "<group>"; };
		095EDC5324E87E2700ED39CC /* Sequence+Unique.swift */ = {isa = PBXFileReference; lastKnownFileType = sourcecode.swift; path = "Sequence+Unique.swift"; sourceTree = "<group>"; };
		095EDC5524E898C700ED39CC /* UserDefaults.swift */ = {isa = PBXFileReference; lastKnownFileType = sourcecode.swift; path = UserDefaults.swift; sourceTree = "<group>"; };
		09DB23F024E7DE1E00D20B4C /* weather.app */ = {isa = PBXFileReference; explicitFileType = wrapper.application; includeInIndex = 0; path = weather.app; sourceTree = BUILT_PRODUCTS_DIR; };
		09DB23F324E7DE1E00D20B4C /* AppDelegate.swift */ = {isa = PBXFileReference; lastKnownFileType = sourcecode.swift; path = AppDelegate.swift; sourceTree = "<group>"; };
		09DB23F524E7DE1E00D20B4C /* SceneDelegate.swift */ = {isa = PBXFileReference; lastKnownFileType = sourcecode.swift; path = SceneDelegate.swift; sourceTree = "<group>"; };
		09DB23FC24E7DE2400D20B4C /* Assets.xcassets */ = {isa = PBXFileReference; lastKnownFileType = folder.assetcatalog; path = Assets.xcassets; sourceTree = "<group>"; };
		09DB23FF24E7DE2400D20B4C /* Base */ = {isa = PBXFileReference; lastKnownFileType = file.storyboard; name = Base; path = Base.lproj/LaunchScreen.storyboard; sourceTree = "<group>"; };
		09DB240124E7DE2400D20B4C /* Info.plist */ = {isa = PBXFileReference; lastKnownFileType = text.plist.xml; path = Info.plist; sourceTree = "<group>"; };
		09DB240624E7DE2400D20B4C /* weatherTests.xctest */ = {isa = PBXFileReference; explicitFileType = wrapper.cfbundle; includeInIndex = 0; path = weatherTests.xctest; sourceTree = BUILT_PRODUCTS_DIR; };
		09DB240A24E7DE2400D20B4C /* weatherTests.swift */ = {isa = PBXFileReference; lastKnownFileType = sourcecode.swift; path = weatherTests.swift; sourceTree = "<group>"; };
		09DB240C24E7DE2400D20B4C /* Info.plist */ = {isa = PBXFileReference; lastKnownFileType = text.plist.xml; path = Info.plist; sourceTree = "<group>"; };
		09DB241124E7DE2400D20B4C /* weatherUITests.xctest */ = {isa = PBXFileReference; explicitFileType = wrapper.cfbundle; includeInIndex = 0; path = weatherUITests.xctest; sourceTree = BUILT_PRODUCTS_DIR; };
		09DB241524E7DE2400D20B4C /* weatherUITests.swift */ = {isa = PBXFileReference; lastKnownFileType = sourcecode.swift; path = weatherUITests.swift; sourceTree = "<group>"; };
		09DB241724E7DE2400D20B4C /* Info.plist */ = {isa = PBXFileReference; lastKnownFileType = text.plist.xml; path = Info.plist; sourceTree = "<group>"; };
		1099BC24D38972468E694328 /* Pods_weather.framework */ = {isa = PBXFileReference; explicitFileType = wrapper.framework; includeInIndex = 0; path = Pods_weather.framework; sourceTree = BUILT_PRODUCTS_DIR; };
		18CF653B838F7335218D6E39 /* Pods_weather_weatherUITests.framework */ = {isa = PBXFileReference; explicitFileType = wrapper.framework; includeInIndex = 0; path = Pods_weather_weatherUITests.framework; sourceTree = BUILT_PRODUCTS_DIR; };
		5804CA140B8C605BC20DFED7 /* Pods-weather.debug.xcconfig */ = {isa = PBXFileReference; includeInIndex = 1; lastKnownFileType = text.xcconfig; name = "Pods-weather.debug.xcconfig"; path = "Target Support Files/Pods-weather/Pods-weather.debug.xcconfig"; sourceTree = "<group>"; };
		5819D44EB59E1C767AB5512F /* Pods-weatherTests.debug.xcconfig */ = {isa = PBXFileReference; includeInIndex = 1; lastKnownFileType = text.xcconfig; name = "Pods-weatherTests.debug.xcconfig"; path = "Target Support Files/Pods-weatherTests/Pods-weatherTests.debug.xcconfig"; sourceTree = "<group>"; };
		7A2267A84E9B465850C381DE /* Pods-weatherTests.release.xcconfig */ = {isa = PBXFileReference; includeInIndex = 1; lastKnownFileType = text.xcconfig; name = "Pods-weatherTests.release.xcconfig"; path = "Target Support Files/Pods-weatherTests/Pods-weatherTests.release.xcconfig"; sourceTree = "<group>"; };
		B24362BC3206CEB2D2D48187 /* Pods-weather-weatherUITests.debug.xcconfig */ = {isa = PBXFileReference; includeInIndex = 1; lastKnownFileType = text.xcconfig; name = "Pods-weather-weatherUITests.debug.xcconfig"; path = "Target Support Files/Pods-weather-weatherUITests/Pods-weather-weatherUITests.debug.xcconfig"; sourceTree = "<group>"; };
		CD7806020960B8A1679A26D4 /* Pods-weather-weatherUITests.release.xcconfig */ = {isa = PBXFileReference; includeInIndex = 1; lastKnownFileType = text.xcconfig; name = "Pods-weather-weatherUITests.release.xcconfig"; path = "Target Support Files/Pods-weather-weatherUITests/Pods-weather-weatherUITests.release.xcconfig"; sourceTree = "<group>"; };
		F17D1812FEA5CC94B6E3251C /* Pods_weatherTests.framework */ = {isa = PBXFileReference; explicitFileType = wrapper.framework; includeInIndex = 0; path = Pods_weatherTests.framework; sourceTree = BUILT_PRODUCTS_DIR; };
/* End PBXFileReference section */

/* Begin PBXFrameworksBuildPhase section */
		09DB23ED24E7DE1E00D20B4C /* Frameworks */ = {
			isa = PBXFrameworksBuildPhase;
			buildActionMask = 2147483647;
			files = (
				0BC2628BDF2388C69EE0E78A /* Pods_weather.framework in Frameworks */,
			);
			runOnlyForDeploymentPostprocessing = 0;
		};
		09DB240324E7DE2400D20B4C /* Frameworks */ = {
			isa = PBXFrameworksBuildPhase;
			buildActionMask = 2147483647;
			files = (
				0F3394DDF88090A298A1C574 /* Pods_weatherTests.framework in Frameworks */,
			);
			runOnlyForDeploymentPostprocessing = 0;
		};
		09DB240E24E7DE2400D20B4C /* Frameworks */ = {
			isa = PBXFrameworksBuildPhase;
			buildActionMask = 2147483647;
			files = (
				C697DF3E8B85219AFF0C85D0 /* Pods_weather_weatherUITests.framework in Frameworks */,
			);
			runOnlyForDeploymentPostprocessing = 0;
		};
/* End PBXFrameworksBuildPhase section */

/* Begin PBXGroup section */
		0925F8E524E7E0F500D10693 /* Supporting Files */ = {
			isa = PBXGroup;
			children = (
				09DB23FC24E7DE2400D20B4C /* Assets.xcassets */,
				09DB23FE24E7DE2400D20B4C /* LaunchScreen.storyboard */,
				09DB240124E7DE2400D20B4C /* Info.plist */,
				095EDC2824E7EBBE00ED39CC /* Localizable.strings */,
			);
			path = "Supporting Files";
			sourceTree = "<group>";
		};
		0925F8E624E7E20D00D10693 /* AppDelegate */ = {
			isa = PBXGroup;
			children = (
				09DB23F324E7DE1E00D20B4C /* AppDelegate.swift */,
				09DB23F524E7DE1E00D20B4C /* SceneDelegate.swift */,
			);
			path = AppDelegate;
			sourceTree = "<group>";
		};
		095EDC0A24E7E70700ED39CC /* Utilities */ = {
			isa = PBXGroup;
			children = (
				095EDC0B24E7E74200ED39CC /* TabbarController.swift */,
			);
			path = Utilities;
			sourceTree = "<group>";
		};
		095EDC0D24E7E7DB00ED39CC /* Screens */ = {
			isa = PBXGroup;
			children = (
				095EDC0E24E7E7EB00ED39CC /* WeatherOverView */,
				095EDC1024E7E81500ED39CC /* CityList */,
				095EDC4C24E8705D00ED39CC /* CitySelection */,
			);
			path = Screens;
			sourceTree = "<group>";
		};
		095EDC0E24E7E7EB00ED39CC /* WeatherOverView */ = {
			isa = PBXGroup;
			children = (
				095EDC1724E7EA2B00ED39CC /* WeatherOverViewViewController.swift */,
				095EDC1924E7EA4C00ED39CC /* WeatherOverViewViewModel.swift */,
				095EDC1B24E7EA5900ED39CC /* WeatherOverViewModel.swift */,
				095EDC4524E8183500ED39CC /* CityListView */,
			);
			path = WeatherOverView;
			sourceTree = "<group>";
		};
		095EDC1024E7E81500ED39CC /* CityList */ = {
			isa = PBXGroup;
			children = (
				095EDC1124E7E9CD00ED39CC /* CityListViewController.swift */,
				095EDC1324E7E9E800ED39CC /* CityListViewModel.swift */,
				095EDC1524E7E9F600ED39CC /* CityListModel.swift */,
			);
			path = CityList;
			sourceTree = "<group>";
		};
		095EDC1D24E7EADA00ED39CC /* Common */ = {
			isa = PBXGroup;
			children = (
				095EDC1E24E7EAFA00ED39CC /* Colors.swift */,
				095EDC2024E7EB1900ED39CC /* Constants.swift */,
				095EDC2224E7EB2400ED39CC /* Icons.swift */,
				095EDC5524E898C700ED39CC /* UserDefaults.swift */,
			);
			path = Common;
			sourceTree = "<group>";
		};
		095EDC2B24E7F8F700ED39CC /* Fonts */ = {
			isa = PBXGroup;
			children = (
				095EDC2C24E7F91D00ED39CC /* Apache License.txt */,
				095EDC3124E7F95700ED39CC /* Roboto-Bold.ttf */,
				095EDC3324E7F96B00ED39CC /* Roboto-Medium.ttf */,
				095EDC3524E7F97600ED39CC /* Roboto-Regular.ttf */,
				095EDC3724E7F98400ED39CC /* Roboto-Thin.ttf */,
			);
			path = Fonts;
			sourceTree = "<group>";
		};
		095EDC3924E7FA3000ED39CC /* Extensions */ = {
			isa = PBXGroup;
			children = (
				095EDC3A24E7FA4300ED39CC /* UIFont+Custom.swift */,
				095EDC4324E8152C00ED39CC /* UIViewController+Loading.swift */,
				095EDC5324E87E2700ED39CC /* Sequence+Unique.swift */,
			);
			path = Extensions;
			sourceTree = "<group>";
		};
		095EDC3C24E7FC6F00ED39CC /* Services */ = {
			isa = PBXGroup;
			children = (
				095EDC3D24E7FD9900ED39CC /* Api.swift */,
				095EDC3F24E7FDF800ED39CC /* AsyncFetch.swift */,
				095EDC4124E8054500ED39CC /* ApiUrls.swift */,
			);
			path = Services;
			sourceTree = "<group>";
		};
		095EDC4524E8183500ED39CC /* CityListView */ = {
			isa = PBXGroup;
			children = (
				095EDC4624E8185800ED39CC /* CityListView.swift */,
				095EDC4824E845C900ED39CC /* CityListViewCollectionCell.swift */,
			);
			path = CityListView;
			sourceTree = "<group>";
		};
		095EDC4C24E8705D00ED39CC /* CitySelection */ = {
			isa = PBXGroup;
			children = (
				095EDC4D24E8708500ED39CC /* CitySelectionViewController.swift */,
				095EDC4F24E8708F00ED39CC /* CitySelectionViewModel.swift */,
				095EDC5124E8709700ED39CC /* CitySelectionModel.swift */,
			);
			path = CitySelection;
			sourceTree = "<group>";
		};
		09DB23E724E7DE1D00D20B4C = {
			isa = PBXGroup;
			children = (
				09DB23F224E7DE1E00D20B4C /* weather */,
				09DB240924E7DE2400D20B4C /* weatherTests */,
				09DB241424E7DE2400D20B4C /* weatherUITests */,
				09DB23F124E7DE1E00D20B4C /* Products */,
				830B534BD1C25131E1CC6984 /* Pods */,
				5DE6DA3FCDD350EB9D71F05A /* Frameworks */,
			);
			sourceTree = "<group>";
		};
		09DB23F124E7DE1E00D20B4C /* Products */ = {
			isa = PBXGroup;
			children = (
				09DB23F024E7DE1E00D20B4C /* weather.app */,
				09DB240624E7DE2400D20B4C /* weatherTests.xctest */,
				09DB241124E7DE2400D20B4C /* weatherUITests.xctest */,
			);
			name = Products;
			sourceTree = "<group>";
		};
		09DB23F224E7DE1E00D20B4C /* weather */ = {
			isa = PBXGroup;
			children = (
				095EDC0D24E7E7DB00ED39CC /* Screens */,
				095EDC3924E7FA3000ED39CC /* Extensions */,
				095EDC1D24E7EADA00ED39CC /* Common */,
				095EDC0A24E7E70700ED39CC /* Utilities */,
				095EDC3C24E7FC6F00ED39CC /* Services */,
				0925F8E624E7E20D00D10693 /* AppDelegate */,
				095EDC2B24E7F8F700ED39CC /* Fonts */,
				0925F8E524E7E0F500D10693 /* Supporting Files */,
			);
			path = weather;
			sourceTree = "<group>";
		};
		09DB240924E7DE2400D20B4C /* weatherTests */ = {
			isa = PBXGroup;
			children = (
				09DB240A24E7DE2400D20B4C /* weatherTests.swift */,
				09DB240C24E7DE2400D20B4C /* Info.plist */,
			);
			path = weatherTests;
			sourceTree = "<group>";
		};
		09DB241424E7DE2400D20B4C /* weatherUITests */ = {
			isa = PBXGroup;
			children = (
				09DB241524E7DE2400D20B4C /* weatherUITests.swift */,
				09DB241724E7DE2400D20B4C /* Info.plist */,
			);
			path = weatherUITests;
			sourceTree = "<group>";
		};
		5DE6DA3FCDD350EB9D71F05A /* Frameworks */ = {
			isa = PBXGroup;
			children = (
				1099BC24D38972468E694328 /* Pods_weather.framework */,
				18CF653B838F7335218D6E39 /* Pods_weather_weatherUITests.framework */,
				F17D1812FEA5CC94B6E3251C /* Pods_weatherTests.framework */,
			);
			name = Frameworks;
			sourceTree = "<group>";
		};
		830B534BD1C25131E1CC6984 /* Pods */ = {
			isa = PBXGroup;
			children = (
				5804CA140B8C605BC20DFED7 /* Pods-weather.debug.xcconfig */,
				026BA42DF239EDB5CA16EBD7 /* Pods-weather.release.xcconfig */,
				B24362BC3206CEB2D2D48187 /* Pods-weather-weatherUITests.debug.xcconfig */,
				CD7806020960B8A1679A26D4 /* Pods-weather-weatherUITests.release.xcconfig */,
				5819D44EB59E1C767AB5512F /* Pods-weatherTests.debug.xcconfig */,
				7A2267A84E9B465850C381DE /* Pods-weatherTests.release.xcconfig */,
			);
			path = Pods;
			sourceTree = "<group>";
		};
/* End PBXGroup section */

/* Begin PBXNativeTarget section */
		09DB23EF24E7DE1E00D20B4C /* weather */ = {
			isa = PBXNativeTarget;
			buildConfigurationList = 09DB241A24E7DE2400D20B4C /* Build configuration list for PBXNativeTarget "weather" */;
			buildPhases = (
				862BF3703F4E2691856771CC /* [CP] Check Pods Manifest.lock */,
				09DB23EC24E7DE1E00D20B4C /* Sources */,
				09DB23ED24E7DE1E00D20B4C /* Frameworks */,
				09DB23EE24E7DE1E00D20B4C /* Resources */,
				0195319B98FEFF969CF1B950 /* [CP] Embed Pods Frameworks */,
			);
			buildRules = (
			);
			dependencies = (
			);
			name = weather;
			productName = weather;
			productReference = 09DB23F024E7DE1E00D20B4C /* weather.app */;
			productType = "com.apple.product-type.application";
		};
		09DB240524E7DE2400D20B4C /* weatherTests */ = {
			isa = PBXNativeTarget;
			buildConfigurationList = 09DB241D24E7DE2400D20B4C /* Build configuration list for PBXNativeTarget "weatherTests" */;
			buildPhases = (
				D55866B379850924C4159350 /* [CP] Check Pods Manifest.lock */,
				09DB240224E7DE2400D20B4C /* Sources */,
				09DB240324E7DE2400D20B4C /* Frameworks */,
				09DB240424E7DE2400D20B4C /* Resources */,
			);
			buildRules = (
			);
			dependencies = (
				09DB240824E7DE2400D20B4C /* PBXTargetDependency */,
			);
			name = weatherTests;
			productName = weatherTests;
			productReference = 09DB240624E7DE2400D20B4C /* weatherTests.xctest */;
			productType = "com.apple.product-type.bundle.unit-test";
		};
		09DB241024E7DE2400D20B4C /* weatherUITests */ = {
			isa = PBXNativeTarget;
			buildConfigurationList = 09DB242024E7DE2400D20B4C /* Build configuration list for PBXNativeTarget "weatherUITests" */;
			buildPhases = (
				7B638A55028AB0B9C77FE2AE /* [CP] Check Pods Manifest.lock */,
				09DB240D24E7DE2400D20B4C /* Sources */,
				09DB240E24E7DE2400D20B4C /* Frameworks */,
				09DB240F24E7DE2400D20B4C /* Resources */,
				38910106AD78DE16C6FBAE4E /* [CP] Embed Pods Frameworks */,
			);
			buildRules = (
			);
			dependencies = (
				09DB241324E7DE2400D20B4C /* PBXTargetDependency */,
			);
			name = weatherUITests;
			productName = weatherUITests;
			productReference = 09DB241124E7DE2400D20B4C /* weatherUITests.xctest */;
			productType = "com.apple.product-type.bundle.ui-testing";
		};
/* End PBXNativeTarget section */

/* Begin PBXProject section */
		09DB23E824E7DE1E00D20B4C /* Project object */ = {
			isa = PBXProject;
			attributes = {
				LastSwiftUpdateCheck = 1160;
				LastUpgradeCheck = 1160;
				ORGANIZATIONNAME = "Erdem ILDIZ";
				TargetAttributes = {
					09DB23EF24E7DE1E00D20B4C = {
						CreatedOnToolsVersion = 11.6;
					};
					09DB240524E7DE2400D20B4C = {
						CreatedOnToolsVersion = 11.6;
						TestTargetID = 09DB23EF24E7DE1E00D20B4C;
					};
					09DB241024E7DE2400D20B4C = {
						CreatedOnToolsVersion = 11.6;
						TestTargetID = 09DB23EF24E7DE1E00D20B4C;
					};
				};
			};
			buildConfigurationList = 09DB23EB24E7DE1E00D20B4C /* Build configuration list for PBXProject "weather" */;
			compatibilityVersion = "Xcode 9.3";
			developmentRegion = en;
			hasScannedForEncodings = 0;
			knownRegions = (
				en,
				Base,
				tr,
			);
			mainGroup = 09DB23E724E7DE1D00D20B4C;
			productRefGroup = 09DB23F124E7DE1E00D20B4C /* Products */;
			projectDirPath = "";
			projectRoot = "";
			targets = (
				09DB23EF24E7DE1E00D20B4C /* weather */,
				09DB240524E7DE2400D20B4C /* weatherTests */,
				09DB241024E7DE2400D20B4C /* weatherUITests */,
			);
		};
/* End PBXProject section */

/* Begin PBXResourcesBuildPhase section */
		09DB23EE24E7DE1E00D20B4C /* Resources */ = {
			isa = PBXResourcesBuildPhase;
			buildActionMask = 2147483647;
			files = (
				095EDC3824E7F98400ED39CC /* Roboto-Thin.ttf in Resources */,
				09DB240024E7DE2400D20B4C /* LaunchScreen.storyboard in Resources */,
				095EDC3624E7F97600ED39CC /* Roboto-Regular.ttf in Resources */,
				095EDC2D24E7F91D00ED39CC /* Apache License.txt in Resources */,
				095EDC3424E7F96B00ED39CC /* Roboto-Medium.ttf in Resources */,
				095EDC3224E7F95700ED39CC /* Roboto-Bold.ttf in Resources */,
				095EDC2624E7EBBE00ED39CC /* Localizable.strings in Resources */,
				09DB23FD24E7DE2400D20B4C /* Assets.xcassets in Resources */,
			);
			runOnlyForDeploymentPostprocessing = 0;
		};
		09DB240424E7DE2400D20B4C /* Resources */ = {
			isa = PBXResourcesBuildPhase;
			buildActionMask = 2147483647;
			files = (
			);
			runOnlyForDeploymentPostprocessing = 0;
		};
		09DB240F24E7DE2400D20B4C /* Resources */ = {
			isa = PBXResourcesBuildPhase;
			buildActionMask = 2147483647;
			files = (
			);
			runOnlyForDeploymentPostprocessing = 0;
		};
/* End PBXResourcesBuildPhase section */

/* Begin PBXShellScriptBuildPhase section */
		0195319B98FEFF969CF1B950 /* [CP] Embed Pods Frameworks */ = {
			isa = PBXShellScriptBuildPhase;
			buildActionMask = 2147483647;
			files = (
			);
			inputFileListPaths = (
				"${PODS_ROOT}/Target Support Files/Pods-weather/Pods-weather-frameworks-${CONFIGURATION}-input-files.xcfilelist",
			);
			name = "[CP] Embed Pods Frameworks";
			outputFileListPaths = (
				"${PODS_ROOT}/Target Support Files/Pods-weather/Pods-weather-frameworks-${CONFIGURATION}-output-files.xcfilelist",
			);
			runOnlyForDeploymentPostprocessing = 0;
			shellPath = /bin/sh;
			shellScript = "\"${PODS_ROOT}/Target Support Files/Pods-weather/Pods-weather-frameworks.sh\"\n";
			showEnvVarsInLog = 0;
		};
		38910106AD78DE16C6FBAE4E /* [CP] Embed Pods Frameworks */ = {
			isa = PBXShellScriptBuildPhase;
			buildActionMask = 2147483647;
			files = (
			);
			inputFileListPaths = (
				"${PODS_ROOT}/Target Support Files/Pods-weather-weatherUITests/Pods-weather-weatherUITests-frameworks-${CONFIGURATION}-input-files.xcfilelist",
			);
			name = "[CP] Embed Pods Frameworks";
			outputFileListPaths = (
				"${PODS_ROOT}/Target Support Files/Pods-weather-weatherUITests/Pods-weather-weatherUITests-frameworks-${CONFIGURATION}-output-files.xcfilelist",
			);
			runOnlyForDeploymentPostprocessing = 0;
			shellPath = /bin/sh;
			shellScript = "\"${PODS_ROOT}/Target Support Files/Pods-weather-weatherUITests/Pods-weather-weatherUITests-frameworks.sh\"\n";
			showEnvVarsInLog = 0;
		};
		7B638A55028AB0B9C77FE2AE /* [CP] Check Pods Manifest.lock */ = {
			isa = PBXShellScriptBuildPhase;
			buildActionMask = 2147483647;
			files = (
			);
			inputFileListPaths = (
			);
			inputPaths = (
				"${PODS_PODFILE_DIR_PATH}/Podfile.lock",
				"${PODS_ROOT}/Manifest.lock",
			);
			name = "[CP] Check Pods Manifest.lock";
			outputFileListPaths = (
			);
			outputPaths = (
				"$(DERIVED_FILE_DIR)/Pods-weather-weatherUITests-checkManifestLockResult.txt",
			);
			runOnlyForDeploymentPostprocessing = 0;
			shellPath = /bin/sh;
			shellScript = "diff \"${PODS_PODFILE_DIR_PATH}/Podfile.lock\" \"${PODS_ROOT}/Manifest.lock\" > /dev/null\nif [ $? != 0 ] ; then\n    # print error to STDERR\n    echo \"error: The sandbox is not in sync with the Podfile.lock. Run 'pod install' or update your CocoaPods installation.\" >&2\n    exit 1\nfi\n# This output is used by Xcode 'outputs' to avoid re-running this script phase.\necho \"SUCCESS\" > \"${SCRIPT_OUTPUT_FILE_0}\"\n";
			showEnvVarsInLog = 0;
		};
		862BF3703F4E2691856771CC /* [CP] Check Pods Manifest.lock */ = {
			isa = PBXShellScriptBuildPhase;
			buildActionMask = 2147483647;
			files = (
			);
			inputFileListPaths = (
			);
			inputPaths = (
				"${PODS_PODFILE_DIR_PATH}/Podfile.lock",
				"${PODS_ROOT}/Manifest.lock",
			);
			name = "[CP] Check Pods Manifest.lock";
			outputFileListPaths = (
			);
			outputPaths = (
				"$(DERIVED_FILE_DIR)/Pods-weather-checkManifestLockResult.txt",
			);
			runOnlyForDeploymentPostprocessing = 0;
			shellPath = /bin/sh;
			shellScript = "diff \"${PODS_PODFILE_DIR_PATH}/Podfile.lock\" \"${PODS_ROOT}/Manifest.lock\" > /dev/null\nif [ $? != 0 ] ; then\n    # print error to STDERR\n    echo \"error: The sandbox is not in sync with the Podfile.lock. Run 'pod install' or update your CocoaPods installation.\" >&2\n    exit 1\nfi\n# This output is used by Xcode 'outputs' to avoid re-running this script phase.\necho \"SUCCESS\" > \"${SCRIPT_OUTPUT_FILE_0}\"\n";
			showEnvVarsInLog = 0;
		};
		D55866B379850924C4159350 /* [CP] Check Pods Manifest.lock */ = {
			isa = PBXShellScriptBuildPhase;
			buildActionMask = 2147483647;
			files = (
			);
			inputFileListPaths = (
			);
			inputPaths = (
				"${PODS_PODFILE_DIR_PATH}/Podfile.lock",
				"${PODS_ROOT}/Manifest.lock",
			);
			name = "[CP] Check Pods Manifest.lock";
			outputFileListPaths = (
			);
			outputPaths = (
				"$(DERIVED_FILE_DIR)/Pods-weatherTests-checkManifestLockResult.txt",
			);
			runOnlyForDeploymentPostprocessing = 0;
			shellPath = /bin/sh;
			shellScript = "diff \"${PODS_PODFILE_DIR_PATH}/Podfile.lock\" \"${PODS_ROOT}/Manifest.lock\" > /dev/null\nif [ $? != 0 ] ; then\n    # print error to STDERR\n    echo \"error: The sandbox is not in sync with the Podfile.lock. Run 'pod install' or update your CocoaPods installation.\" >&2\n    exit 1\nfi\n# This output is used by Xcode 'outputs' to avoid re-running this script phase.\necho \"SUCCESS\" > \"${SCRIPT_OUTPUT_FILE_0}\"\n";
			showEnvVarsInLog = 0;
		};
/* End PBXShellScriptBuildPhase section */

/* Begin PBXSourcesBuildPhase section */
		09DB23EC24E7DE1E00D20B4C /* Sources */ = {
			isa = PBXSourcesBuildPhase;
			buildActionMask = 2147483647;
			files = (
				095EDC5024E8708F00ED39CC /* CitySelectionViewModel.swift in Sources */,
				095EDC4924E845C900ED39CC /* CityListViewCollectionCell.swift in Sources */,
				095EDC3B24E7FA4300ED39CC /* UIFont+Custom.swift in Sources */,
				095EDC4E24E8708500ED39CC /* CitySelectionViewController.swift in Sources */,
				095EDC1824E7EA2B00ED39CC /* WeatherOverViewViewController.swift in Sources */,
				095EDC2124E7EB1900ED39CC /* Constants.swift in Sources */,
				095EDC2324E7EB2400ED39CC /* Icons.swift in Sources */,
				095EDC4424E8152C00ED39CC /* UIViewController+Loading.swift in Sources */,
				095EDC1F24E7EAFA00ED39CC /* Colors.swift in Sources */,
				095EDC1624E7E9F600ED39CC /* CityListModel.swift in Sources */,
				095EDC0C24E7E74200ED39CC /* TabbarController.swift in Sources */,
				09DB23F424E7DE1E00D20B4C /* AppDelegate.swift in Sources */,
				095EDC4224E8054500ED39CC /* ApiUrls.swift in Sources */,
				095EDC1A24E7EA4C00ED39CC /* WeatherOverViewViewModel.swift in Sources */,
				095EDC1424E7E9E800ED39CC /* CityListViewModel.swift in Sources */,
				09DB23F624E7DE1E00D20B4C /* SceneDelegate.swift in Sources */,
				095EDC1224E7E9CD00ED39CC /* CityListViewController.swift in Sources */,
				095EDC5424E87E2700ED39CC /* Sequence+Unique.swift in Sources */,
				095EDC5224E8709700ED39CC /* CitySelectionModel.swift in Sources */,
				095EDC4024E7FDF800ED39CC /* AsyncFetch.swift in Sources */,
				095EDC5624E898C700ED39CC /* UserDefaults.swift in Sources */,
				095EDC4724E8185800ED39CC /* CityListView.swift in Sources */,
				095EDC3E24E7FD9900ED39CC /* Api.swift in Sources */,
				095EDC1C24E7EA5900ED39CC /* WeatherOverViewModel.swift in Sources */,
			);
			runOnlyForDeploymentPostprocessing = 0;
		};
		09DB240224E7DE2400D20B4C /* Sources */ = {
			isa = PBXSourcesBuildPhase;
			buildActionMask = 2147483647;
			files = (
				09DB240B24E7DE2400D20B4C /* weatherTests.swift in Sources */,
			);
			runOnlyForDeploymentPostprocessing = 0;
		};
		09DB240D24E7DE2400D20B4C /* Sources */ = {
			isa = PBXSourcesBuildPhase;
			buildActionMask = 2147483647;
			files = (
				09DB241624E7DE2400D20B4C /* weatherUITests.swift in Sources */,
			);
			runOnlyForDeploymentPostprocessing = 0;
		};
/* End PBXSourcesBuildPhase section */

/* Begin PBXTargetDependency section */
		09DB240824E7DE2400D20B4C /* PBXTargetDependency */ = {
			isa = PBXTargetDependency;
			target = 09DB23EF24E7DE1E00D20B4C /* weather */;
			targetProxy = 09DB240724E7DE2400D20B4C /* PBXContainerItemProxy */;
		};
		09DB241324E7DE2400D20B4C /* PBXTargetDependency */ = {
			isa = PBXTargetDependency;
			target = 09DB23EF24E7DE1E00D20B4C /* weather */;
			targetProxy = 09DB241224E7DE2400D20B4C /* PBXContainerItemProxy */;
		};
/* End PBXTargetDependency section */

/* Begin PBXVariantGroup section */
		095EDC2824E7EBBE00ED39CC /* Localizable.strings */ = {
			isa = PBXVariantGroup;
			children = (
				095EDC2724E7EBBE00ED39CC /* en */,
				095EDC2A24E7EBF600ED39CC /* tr */,
			);
			name = Localizable.strings;
			sourceTree = "<group>";
		};
		09DB23FE24E7DE2400D20B4C /* LaunchScreen.storyboard */ = {
			isa = PBXVariantGroup;
			children = (
				09DB23FF24E7DE2400D20B4C /* Base */,
				095EDC2924E7EBF500ED39CC /* tr */,
			);
			name = LaunchScreen.storyboard;
			sourceTree = "<group>";
		};
/* End PBXVariantGroup section */

/* Begin XCBuildConfiguration section */
		09DB241824E7DE2400D20B4C /* Debug */ = {
			isa = XCBuildConfiguration;
			buildSettings = {
				ALWAYS_SEARCH_USER_PATHS = NO;
				CLANG_ANALYZER_LOCALIZABILITY_NONLOCALIZED = YES;
				CLANG_ANALYZER_NONNULL = YES;
				CLANG_ANALYZER_NUMBER_OBJECT_CONVERSION = YES_AGGRESSIVE;
				CLANG_CXX_LANGUAGE_STANDARD = "gnu++14";
				CLANG_CXX_LIBRARY = "libc++";
				CLANG_ENABLE_MODULES = YES;
				CLANG_ENABLE_OBJC_ARC = YES;
				CLANG_ENABLE_OBJC_WEAK = YES;
				CLANG_WARN_BLOCK_CAPTURE_AUTORELEASING = YES;
				CLANG_WARN_BOOL_CONVERSION = YES;
				CLANG_WARN_COMMA = YES;
				CLANG_WARN_CONSTANT_CONVERSION = YES;
				CLANG_WARN_DEPRECATED_OBJC_IMPLEMENTATIONS = YES;
				CLANG_WARN_DIRECT_OBJC_ISA_USAGE = YES_ERROR;
				CLANG_WARN_DOCUMENTATION_COMMENTS = YES;
				CLANG_WARN_EMPTY_BODY = YES;
				CLANG_WARN_ENUM_CONVERSION = YES;
				CLANG_WARN_INFINITE_RECURSION = YES;
				CLANG_WARN_INT_CONVERSION = YES;
				CLANG_WARN_NON_LITERAL_NULL_CONVERSION = YES;
				CLANG_WARN_OBJC_IMPLICIT_RETAIN_SELF = YES;
				CLANG_WARN_OBJC_LITERAL_CONVERSION = YES;
				CLANG_WARN_OBJC_ROOT_CLASS = YES_ERROR;
				CLANG_WARN_RANGE_LOOP_ANALYSIS = YES;
				CLANG_WARN_STRICT_PROTOTYPES = YES;
				CLANG_WARN_SUSPICIOUS_MOVE = YES;
				CLANG_WARN_UNGUARDED_AVAILABILITY = YES_AGGRESSIVE;
				CLANG_WARN_UNREACHABLE_CODE = YES;
				CLANG_WARN__DUPLICATE_METHOD_MATCH = YES;
				COPY_PHASE_STRIP = NO;
				DEBUG_INFORMATION_FORMAT = dwarf;
				ENABLE_STRICT_OBJC_MSGSEND = YES;
				ENABLE_TESTABILITY = YES;
				GCC_C_LANGUAGE_STANDARD = gnu11;
				GCC_DYNAMIC_NO_PIC = NO;
				GCC_NO_COMMON_BLOCKS = YES;
				GCC_OPTIMIZATION_LEVEL = 0;
				GCC_PREPROCESSOR_DEFINITIONS = (
					"DEBUG=1",
					"$(inherited)",
				);
				GCC_WARN_64_TO_32_BIT_CONVERSION = YES;
				GCC_WARN_ABOUT_RETURN_TYPE = YES_ERROR;
				GCC_WARN_UNDECLARED_SELECTOR = YES;
				GCC_WARN_UNINITIALIZED_AUTOS = YES_AGGRESSIVE;
				GCC_WARN_UNUSED_FUNCTION = YES;
				GCC_WARN_UNUSED_VARIABLE = YES;
				IPHONEOS_DEPLOYMENT_TARGET = 13.6;
				MTL_ENABLE_DEBUG_INFO = INCLUDE_SOURCE;
				MTL_FAST_MATH = YES;
				ONLY_ACTIVE_ARCH = YES;
				SDKROOT = iphoneos;
				SWIFT_ACTIVE_COMPILATION_CONDITIONS = DEBUG;
				SWIFT_OPTIMIZATION_LEVEL = "-Onone";
			};
			name = Debug;
		};
		09DB241924E7DE2400D20B4C /* Release */ = {
			isa = XCBuildConfiguration;
			buildSettings = {
				ALWAYS_SEARCH_USER_PATHS = NO;
				CLANG_ANALYZER_LOCALIZABILITY_NONLOCALIZED = YES;
				CLANG_ANALYZER_NONNULL = YES;
				CLANG_ANALYZER_NUMBER_OBJECT_CONVERSION = YES_AGGRESSIVE;
				CLANG_CXX_LANGUAGE_STANDARD = "gnu++14";
				CLANG_CXX_LIBRARY = "libc++";
				CLANG_ENABLE_MODULES = YES;
				CLANG_ENABLE_OBJC_ARC = YES;
				CLANG_ENABLE_OBJC_WEAK = YES;
				CLANG_WARN_BLOCK_CAPTURE_AUTORELEASING = YES;
				CLANG_WARN_BOOL_CONVERSION = YES;
				CLANG_WARN_COMMA = YES;
				CLANG_WARN_CONSTANT_CONVERSION = YES;
				CLANG_WARN_DEPRECATED_OBJC_IMPLEMENTATIONS = YES;
				CLANG_WARN_DIRECT_OBJC_ISA_USAGE = YES_ERROR;
				CLANG_WARN_DOCUMENTATION_COMMENTS = YES;
				CLANG_WARN_EMPTY_BODY = YES;
				CLANG_WARN_ENUM_CONVERSION = YES;
				CLANG_WARN_INFINITE_RECURSION = YES;
				CLANG_WARN_INT_CONVERSION = YES;
				CLANG_WARN_NON_LITERAL_NULL_CONVERSION = YES;
				CLANG_WARN_OBJC_IMPLICIT_RETAIN_SELF = YES;
				CLANG_WARN_OBJC_LITERAL_CONVERSION = YES;
				CLANG_WARN_OBJC_ROOT_CLASS = YES_ERROR;
				CLANG_WARN_RANGE_LOOP_ANALYSIS = YES;
				CLANG_WARN_STRICT_PROTOTYPES = YES;
				CLANG_WARN_SUSPICIOUS_MOVE = YES;
				CLANG_WARN_UNGUARDED_AVAILABILITY = YES_AGGRESSIVE;
				CLANG_WARN_UNREACHABLE_CODE = YES;
				CLANG_WARN__DUPLICATE_METHOD_MATCH = YES;
				COPY_PHASE_STRIP = NO;
				DEBUG_INFORMATION_FORMAT = "dwarf-with-dsym";
				ENABLE_NS_ASSERTIONS = NO;
				ENABLE_STRICT_OBJC_MSGSEND = YES;
				GCC_C_LANGUAGE_STANDARD = gnu11;
				GCC_NO_COMMON_BLOCKS = YES;
				GCC_WARN_64_TO_32_BIT_CONVERSION = YES;
				GCC_WARN_ABOUT_RETURN_TYPE = YES_ERROR;
				GCC_WARN_UNDECLARED_SELECTOR = YES;
				GCC_WARN_UNINITIALIZED_AUTOS = YES_AGGRESSIVE;
				GCC_WARN_UNUSED_FUNCTION = YES;
				GCC_WARN_UNUSED_VARIABLE = YES;
				IPHONEOS_DEPLOYMENT_TARGET = 13.6;
				MTL_ENABLE_DEBUG_INFO = NO;
				MTL_FAST_MATH = YES;
				SDKROOT = iphoneos;
				SWIFT_COMPILATION_MODE = wholemodule;
				SWIFT_OPTIMIZATION_LEVEL = "-O";
				VALIDATE_PRODUCT = YES;
			};
			name = Release;
		};
		09DB241B24E7DE2400D20B4C /* Debug */ = {
			isa = XCBuildConfiguration;
			baseConfigurationReference = 5804CA140B8C605BC20DFED7 /* Pods-weather.debug.xcconfig */;
			buildSettings = {
				ASSETCATALOG_COMPILER_APPICON_NAME = AppIcon;
				CODE_SIGN_STYLE = Automatic;
				INFOPLIST_FILE = "weather/Supporting Files/Info.plist";
				IPHONEOS_DEPLOYMENT_TARGET = 11.0;
				LD_RUNPATH_SEARCH_PATHS = (
					"$(inherited)",
					"@executable_path/Frameworks",
				);
				PRODUCT_BUNDLE_IDENTIFIER = erdemildiz.weather;
				PRODUCT_NAME = "$(TARGET_NAME)";
				SWIFT_VERSION = 5.0;
				TARGETED_DEVICE_FAMILY = "1,2";
			};
			name = Debug;
		};
		09DB241C24E7DE2400D20B4C /* Release */ = {
			isa = XCBuildConfiguration;
			baseConfigurationReference = 026BA42DF239EDB5CA16EBD7 /* Pods-weather.release.xcconfig */;
			buildSettings = {
				ASSETCATALOG_COMPILER_APPICON_NAME = AppIcon;
				CODE_SIGN_STYLE = Automatic;
				INFOPLIST_FILE = "weather/Supporting Files/Info.plist";
				IPHONEOS_DEPLOYMENT_TARGET = 11.0;
				LD_RUNPATH_SEARCH_PATHS = (
					"$(inherited)",
					"@executable_path/Frameworks",
				);
				PRODUCT_BUNDLE_IDENTIFIER = erdemildiz.weather;
				PRODUCT_NAME = "$(TARGET_NAME)";
				SWIFT_VERSION = 5.0;
				TARGETED_DEVICE_FAMILY = "1,2";
			};
			name = Release;
		};
		09DB241E24E7DE2400D20B4C /* Debug */ = {
			isa = XCBuildConfiguration;
			baseConfigurationReference = 5819D44EB59E1C767AB5512F /* Pods-weatherTests.debug.xcconfig */;
			buildSettings = {
				ALWAYS_EMBED_SWIFT_STANDARD_LIBRARIES = YES;
				BUNDLE_LOADER = "$(TEST_HOST)";
				CODE_SIGN_STYLE = Automatic;
				INFOPLIST_FILE = weatherTests/Info.plist;
				IPHONEOS_DEPLOYMENT_TARGET = 13.6;
				LD_RUNPATH_SEARCH_PATHS = (
					"$(inherited)",
					"@executable_path/Frameworks",
					"@loader_path/Frameworks",
				);
				PRODUCT_BUNDLE_IDENTIFIER = erdemildiz.weatherTests;
				PRODUCT_NAME = "$(TARGET_NAME)";
				SWIFT_VERSION = 5.0;
				TARGETED_DEVICE_FAMILY = "1,2";
				TEST_HOST = "$(BUILT_PRODUCTS_DIR)/weather.app/weather";
			};
			name = Debug;
		};
		09DB241F24E7DE2400D20B4C /* Release */ = {
			isa = XCBuildConfiguration;
			baseConfigurationReference = 7A2267A84E9B465850C381DE /* Pods-weatherTests.release.xcconfig */;
			buildSettings = {
				ALWAYS_EMBED_SWIFT_STANDARD_LIBRARIES = YES;
				BUNDLE_LOADER = "$(TEST_HOST)";
				CODE_SIGN_STYLE = Automatic;
				INFOPLIST_FILE = weatherTests/Info.plist;
				IPHONEOS_DEPLOYMENT_TARGET = 13.6;
				LD_RUNPATH_SEARCH_PATHS = (
					"$(inherited)",
					"@executable_path/Frameworks",
					"@loader_path/Frameworks",
				);
				PRODUCT_BUNDLE_IDENTIFIER = erdemildiz.weatherTests;
				PRODUCT_NAME = "$(TARGET_NAME)";
				SWIFT_VERSION = 5.0;
				TARGETED_DEVICE_FAMILY = "1,2";
				TEST_HOST = "$(BUILT_PRODUCTS_DIR)/weather.app/weather";
			};
			name = Release;
		};
		09DB242124E7DE2400D20B4C /* Debug */ = {
			isa = XCBuildConfiguration;
			baseConfigurationReference = B24362BC3206CEB2D2D48187 /* Pods-weather-weatherUITests.debug.xcconfig */;
			buildSettings = {
				ALWAYS_EMBED_SWIFT_STANDARD_LIBRARIES = YES;
				CODE_SIGN_STYLE = Automatic;
				INFOPLIST_FILE = weatherUITests/Info.plist;
				LD_RUNPATH_SEARCH_PATHS = (
					"$(inherited)",
					"@executable_path/Frameworks",
					"@loader_path/Frameworks",
				);
				PRODUCT_BUNDLE_IDENTIFIER = erdemildiz.weatherUITests;
				PRODUCT_NAME = "$(TARGET_NAME)";
				SWIFT_VERSION = 5.0;
				TARGETED_DEVICE_FAMILY = "1,2";
				TEST_TARGET_NAME = weather;
			};
			name = Debug;
		};
		09DB242224E7DE2400D20B4C /* Release */ = {
			isa = XCBuildConfiguration;
			baseConfigurationReference = CD7806020960B8A1679A26D4 /* Pods-weather-weatherUITests.release.xcconfig */;
			buildSettings = {
				ALWAYS_EMBED_SWIFT_STANDARD_LIBRARIES = YES;
				CODE_SIGN_STYLE = Automatic;
				INFOPLIST_FILE = weatherUITests/Info.plist;
				LD_RUNPATH_SEARCH_PATHS = (
					"$(inherited)",
					"@executable_path/Frameworks",
					"@loader_path/Frameworks",
				);
				PRODUCT_BUNDLE_IDENTIFIER = erdemildiz.weatherUITests;
				PRODUCT_NAME = "$(TARGET_NAME)";
				SWIFT_VERSION = 5.0;
				TARGETED_DEVICE_FAMILY = "1,2";
				TEST_TARGET_NAME = weather;
			};
			name = Release;
		};
/* End XCBuildConfiguration section */

/* Begin XCConfigurationList section */
		09DB23EB24E7DE1E00D20B4C /* Build configuration list for PBXProject "weather" */ = {
			isa = XCConfigurationList;
			buildConfigurations = (
				09DB241824E7DE2400D20B4C /* Debug */,
				09DB241924E7DE2400D20B4C /* Release */,
			);
			defaultConfigurationIsVisible = 0;
			defaultConfigurationName = Release;
		};
		09DB241A24E7DE2400D20B4C /* Build configuration list for PBXNativeTarget "weather" */ = {
			isa = XCConfigurationList;
			buildConfigurations = (
				09DB241B24E7DE2400D20B4C /* Debug */,
				09DB241C24E7DE2400D20B4C /* Release */,
			);
			defaultConfigurationIsVisible = 0;
			defaultConfigurationName = Release;
		};
		09DB241D24E7DE2400D20B4C /* Build configuration list for PBXNativeTarget "weatherTests" */ = {
			isa = XCConfigurationList;
			buildConfigurations = (
				09DB241E24E7DE2400D20B4C /* Debug */,
				09DB241F24E7DE2400D20B4C /* Release */,
			);
			defaultConfigurationIsVisible = 0;
			defaultConfigurationName = Release;
		};
		09DB242024E7DE2400D20B4C /* Build configuration list for PBXNativeTarget "weatherUITests" */ = {
			isa = XCConfigurationList;
			buildConfigurations = (
				09DB242124E7DE2400D20B4C /* Debug */,
				09DB242224E7DE2400D20B4C /* Release */,
			);
			defaultConfigurationIsVisible = 0;
			defaultConfigurationName = Release;
		};
/* End XCConfigurationList section */
	};
	rootObject = 09DB23E824E7DE1E00D20B4C /* Project object */;
}
